
Microsoft Visual Studio Solution File, Format Version 12.00
Project("{2150E333-8FDC-42A3-9474-1A3956D46DE8}") = "src", "src", "{00CBA5EB-5609-4D52-952F-67667A0C2786}"
EndProject
Project("{2150E333-8FDC-42A3-9474-1A3956D46DE8}") = "tests", "tests", "{B0222364-42C2-4FE1-ABB3-06D2FB090787}"
EndProject
Project("{FAE04EC0-301F-11D3-BF4B-00C04F79EFBC}") = "Domain", "src\Domain\Domain.csproj", "{70B2F7DB-6F4D-477C-B3AF-FDB5BA559042}"
EndProject
Project("{FAE04EC0-301F-11D3-BF4B-00C04F79EFBC}") = "Services", "src\Services\Services.csproj", "{FCCF4496-791F-4253-B22C-90147737EE8E}"
EndProject
Project("{FAE04EC0-301F-11D3-BF4B-00C04F79EFBC}") = "WebAPI", "src\WebAPI\WebAPI.csproj", "{2DD9A26F-38E1-4B7E-9D30-146732EE7760}"
EndProject
Project("{FAE04EC0-301F-11D3-BF4B-00C04F79EFBC}") = "Domain.Tests", "tests\Domain.Tests\Domain.Tests.csproj", "{86D5FDB9-FEF0-407F-8768-0CA20823F5DE}"
EndProject
Project("{FAE04EC0-301F-11D3-BF4B-00C04F79EFBC}") = "Services.Tests", "tests\Services.Tests\Services.Tests.csproj", "{B078746B-775A-43E7-B4AA-EE47A49C890F}"
EndProject
Project("{FAE04EC0-301F-11D3-BF4B-00C04F79EFBC}") = "WebAPI.Tests", "tests\WebAPI.Tests\WebAPI.Tests.csproj", "{411C84CF-3553-45BA-A471-CF94639099F2}"
EndProject
Project("{FAE04EC0-301F-11D3-BF4B-00C04F79EFBC}") = "Acceptance.Tests", "tests\Acceptance.Tests\Acceptance.Tests.csproj", "{D73B577D-B5DC-4FAD-8C81-56CAE879BB68}"
EndProject
Project("{2150E333-8FDC-42A3-9474-1A3956D46DE8}") = "docs", "docs", "{10C89BC1-DCAD-44B8-A708-B4A02792FAF9}"
ProjectSection(SolutionItems) = preProject
	README.md = README.md
EndProjectSection
EndProject
Global
	GlobalSection(SolutionConfigurationPlatforms) = preSolution
		Debug|Any CPU = Debug|Any CPU
		Release|Any CPU = Release|Any CPU
	EndGlobalSection
	GlobalSection(NestedProjects) = preSolution
		{70B2F7DB-6F4D-477C-B3AF-FDB5BA559042} = {00CBA5EB-5609-4D52-952F-67667A0C2786}
		{FCCF4496-791F-4253-B22C-90147737EE8E} = {00CBA5EB-5609-4D52-952F-67667A0C2786}
		{2DD9A26F-38E1-4B7E-9D30-146732EE7760} = {00CBA5EB-5609-4D52-952F-67667A0C2786}
		{86D5FDB9-FEF0-407F-8768-0CA20823F5DE} = {B0222364-42C2-4FE1-ABB3-06D2FB090787}
		{B078746B-775A-43E7-B4AA-EE47A49C890F} = {B0222364-42C2-4FE1-ABB3-06D2FB090787}
		{411C84CF-3553-45BA-A471-CF94639099F2} = {B0222364-42C2-4FE1-ABB3-06D2FB090787}
		{D73B577D-B5DC-4FAD-8C81-56CAE879BB68} = {B0222364-42C2-4FE1-ABB3-06D2FB090787}
	EndGlobalSection
	GlobalSection(ProjectConfigurationPlatforms) = postSolution
		{70B2F7DB-6F4D-477C-B3AF-FDB5BA559042}.Debug|Any CPU.ActiveCfg = Debug|Any CPU
		{70B2F7DB-6F4D-477C-B3AF-FDB5BA559042}.Debug|Any CPU.Build.0 = Debug|Any CPU
		{70B2F7DB-6F4D-477C-B3AF-FDB5BA559042}.Release|Any CPU.ActiveCfg = Release|Any CPU
		{70B2F7DB-6F4D-477C-B3AF-FDB5BA559042}.Release|Any CPU.Build.0 = Release|Any CPU
		{FCCF4496-791F-4253-B22C-90147737EE8E}.Debug|Any CPU.ActiveCfg = Debug|Any CPU
		{FCCF4496-791F-4253-B22C-90147737EE8E}.Debug|Any CPU.Build.0 = Debug|Any CPU
		{FCCF4496-791F-4253-B22C-90147737EE8E}.Release|Any CPU.ActiveCfg = Release|Any CPU
		{FCCF4496-791F-4253-B22C-90147737EE8E}.Release|Any CPU.Build.0 = Release|Any CPU
		{2DD9A26F-38E1-4B7E-9D30-146732EE7760}.Debug|Any CPU.ActiveCfg = Debug|Any CPU
		{2DD9A26F-38E1-4B7E-9D30-146732EE7760}.Debug|Any CPU.Build.0 = Debug|Any CPU
		{2DD9A26F-38E1-4B7E-9D30-146732EE7760}.Release|Any CPU.ActiveCfg = Release|Any CPU
		{2DD9A26F-38E1-4B7E-9D30-146732EE7760}.Release|Any CPU.Build.0 = Release|Any CPU
		{86D5FDB9-FEF0-407F-8768-0CA20823F5DE}.Debug|Any CPU.ActiveCfg = Debug|Any CPU
		{86D5FDB9-FEF0-407F-8768-0CA20823F5DE}.Debug|Any CPU.Build.0 = Debug|Any CPU
		{86D5FDB9-FEF0-407F-8768-0CA20823F5DE}.Release|Any CPU.ActiveCfg = Release|Any CPU
		{86D5FDB9-FEF0-407F-8768-0CA20823F5DE}.Release|Any CPU.Build.0 = Release|Any CPU
		{B078746B-775A-43E7-B4AA-EE47A49C890F}.Debug|Any CPU.ActiveCfg = Debug|Any CPU
		{B078746B-775A-43E7-B4AA-EE47A49C890F}.Debug|Any CPU.Build.0 = Debug|Any CPU
		{B078746B-775A-43E7-B4AA-EE47A49C890F}.Release|Any CPU.ActiveCfg = Release|Any CPU
		{B078746B-775A-43E7-B4AA-EE47A49C890F}.Release|Any CPU.Build.0 = Release|Any CPU
		{411C84CF-3553-45BA-A471-CF94639099F2}.Debug|Any CPU.ActiveCfg = Debug|Any CPU
		{411C84CF-3553-45BA-A471-CF94639099F2}.Debug|Any CPU.Build.0 = Debug|Any CPU
		{411C84CF-3553-45BA-A471-CF94639099F2}.Release|Any CPU.ActiveCfg = Release|Any CPU
		{411C84CF-3553-45BA-A471-CF94639099F2}.Release|Any CPU.Build.0 = Release|Any CPU
		{D73B577D-B5DC-4FAD-8C81-56CAE879BB68}.Debug|Any CPU.ActiveCfg = Debug|Any CPU
		{D73B577D-B5DC-4FAD-8C81-56CAE879BB68}.Debug|Any CPU.Build.0 = Debug|Any CPU
		{D73B577D-B5DC-4FAD-8C81-56CAE879BB68}.Release|Any CPU.ActiveCfg = Release|Any CPU
		{D73B577D-B5DC-4FAD-8C81-56CAE879BB68}.Release|Any CPU.Build.0 = Release|Any CPU
	EndGlobalSection
EndGlobal
